
Microsoft Visual Studio Solution File, Format Version 12.00
# Visual Studio Version 17
VisualStudioVersion = 17.5.33424.131
MinimumVisualStudioVersion = 10.0.40219.1
Project("{9A19103F-16F7-4668-BE54-9A1E7A4F7556}") = "MvcMovie", "MvcMovie\MvcMovie.csproj", "{274B431C-DA8C-4DD9-8F69-0C627CEAAA29}"
EndProject
Global
	GlobalSection(SolutionConfigurationPlatforms) = preSolution
		Debug|Any CPU = Debug|Any CPU
		Release|Any CPU = Release|Any CPU
	EndGlobalSection
	GlobalSection(ProjectConfigurationPlatforms) = postSolution
		{274B431C-DA8C-4DD9-8F69-0C627CEAAA29}.Debug|Any CPU.ActiveCfg = Debug|Any CPU
		{274B431C-DA8C-4DD9-8F69-0C627CEAAA29}.Debug|Any CPU.Build.0 = Debug|Any CPU
		{274B431C-DA8C-4DD9-8F69-0C627CEAAA29}.Release|Any CPU.ActiveCfg = Release|Any CPU
		{274B431C-DA8C-4DD9-8F69-0C627CEAAA29}.Release|Any CPU.Build.0 = Release|Any CPU
	EndGlobalSection
	GlobalSection(SolutionProperties) = preSolution
		HideSolutionNode = FALSE
	EndGlobalSection
	GlobalSection(ExtensibilityGlobals) = postSolution
		SolutionGuid = {E0B61249-A011-4713-B3AF-203DC3FC6BD0}
	EndGlobalSection
EndGlobal
